
Microsoft Visual Studio Solution File, Format Version 12.00
# Visual Studio Version 17
VisualStudioVersion = 17.9.34607.119
MinimumVisualStudioVersion = 10.0.40219.1
Project("{FAE04EC0-301F-11D3-BF4B-00C04F79EFBC}") = "DapperMvc", "DapperMvc\DapperMvc.csproj", "{D9DBAE11-A807-40DA-BDA4-249719DFA509}"
EndProject
Project("{FAE04EC0-301F-11D3-BF4B-00C04F79EFBC}") = "Database", "DapperDb\Database.csproj", "{BAD66210-B6A0-4E46-83E8-E9BED444C77F}"
EndProject
Global
	GlobalSection(SolutionConfigurationPlatforms) = preSolution
		Debug|Any CPU = Debug|Any CPU
		Release|Any CPU = Release|Any CPU
	EndGlobalSection
	GlobalSection(ProjectConfigurationPlatforms) = postSolution
		{D9DBAE11-A807-40DA-BDA4-249719DFA509}.Debug|Any CPU.ActiveCfg = Debug|Any CPU
		{D9DBAE11-A807-40DA-BDA4-249719DFA509}.Debug|Any CPU.Build.0 = Debug|Any CPU
		{D9DBAE11-A807-40DA-BDA4-249719DFA509}.Release|Any CPU.ActiveCfg = Release|Any CPU
		{D9DBAE11-A807-40DA-BDA4-249719DFA509}.Release|Any CPU.Build.0 = Release|Any CPU
		{BAD66210-B6A0-4E46-83E8-E9BED444C77F}.Debug|Any CPU.ActiveCfg = Debug|Any CPU
		{BAD66210-B6A0-4E46-83E8-E9BED444C77F}.Debug|Any CPU.Build.0 = Debug|Any CPU
		{BAD66210-B6A0-4E46-83E8-E9BED444C77F}.Release|Any CPU.ActiveCfg = Release|Any CPU
		{BAD66210-B6A0-4E46-83E8-E9BED444C77F}.Release|Any CPU.Build.0 = Release|Any CPU
	EndGlobalSection
	GlobalSection(SolutionProperties) = preSolution
		HideSolutionNode = FALSE
	EndGlobalSection
	GlobalSection(ExtensibilityGlobals) = postSolution
		SolutionGuid = {E0AB2898-A71A-4298-BD4F-4D6C4068A6C3}
	EndGlobalSection
EndGlobal
